{
  "version": 4,
  "terraform_version": "0.15.3",
  "serial": 181,
  "lineage": "0d6cd62a-ca05-74bf-e27f-0a2ea3162661",
  "outputs": {},
  "resources": [
    {
      "module": "module.prov_hardware",
      "mode": "managed",
      "type": "proxmox_vm_qemu",
      "name": "lab35",
      "provider": "module.prov_hardware.provider[\"registry.terraform.io/telmate/proxmox\"]",
      "instances": [
        {
          "index_key": "g1",
          "schema_version": 0,
          "attributes": {
            "additional_wait": 15,
            "agent": 1,
            "args": "",
            "balloon": 0,
            "bios": "seabios",
            "boot": "cdn",
            "bootdisk": "scsi0",
            "bridge": "",
            "ci_wait": null,
            "cicustom": "",
            "cipassword": "",
            "ciuser": "",
            "clone": "tpl-ub2004-tiny-mulita",
            "clone_wait": 15,
            "cloudinit_cdrom_storage": null,
            "cores": 1,
            "cpu": "host",
            "default_ipv4_address": "192.168.89.144",
            "define_connection_info": true,
            "desc": "",
            "disk": [
              {
                "backup": 0,
                "cache": "none",
                "discard": "",
                "file": "vm-8001-disk-0",
                "format": "raw",
                "iothread": 0,
                "mbps": 0,
                "mbps_rd": 0,
                "mbps_rd_max": 0,
                "mbps_wr": 0,
                "mbps_wr_max": 0,
                "media": "",
                "replicate": 0,
                "size": "6348M",
                "slot": 0,
                "ssd": 0,
                "storage": "local-lvm",
                "storage_type": "lvmthin",
                "type": "scsi",
                "volume": "local-lvm:vm-8001-disk-0"
              }
            ],
            "disk_gb": 0,
            "force_create": false,
            "force_recreate_on_change_of": null,
            "full_clone": true,
            "guest_agent_ready_timeout": 600,
            "hastate": "",
            "hotplug": "network,disk,usb",
            "id": "mulita/qemu/8001",
            "ipconfig0": "ip=192.168.89.144/23,gw=192.168.88.1",
            "ipconfig1": "",
            "ipconfig2": "",
            "iso": null,
            "kvm": true,
            "mac": "",
            "memory": 2048,
            "name": "lab35-g1",
            "nameserver": "",
            "network": [
              {
                "bridge": "vmbr0",
                "firewall": false,
                "link_down": false,
                "macaddr": "C2:FF:2B:DD:56:9E",
                "model": "virtio",
                "queues": 0,
                "rate": 0,
                "tag": -1
              }
            ],
            "nic": "",
            "numa": false,
            "onboot": true,
            "os_network_config": null,
            "os_type": "cloud-init",
            "pool": "",
            "preprovision": true,
            "qemu_os": "other",
            "reboot_required": false,
            "scsihw": "virtio-scsi-pci",
            "searchdomain": "",
            "serial": [],
            "sockets": 1,
            "ssh_forward_ip": null,
            "ssh_host": "192.168.89.144",
            "ssh_port": "22",
            "ssh_private_key": null,
            "ssh_user": null,
            "sshkeys": "        ssh-rsa AAAAB3NzaC1yc2EAAAADAQABAAABAQC9dQNOFa6vqxmb/QEqxZamEeeaccda9TkXYhl2DnydCDZBwQUMnuKPsCanxqr8Etxo3NELP6MZVL43Y5trWfg3lzFvldeu/BQYYg2oP4ZtNZkhB9e2or/pGjUzLeS+H/rhmfmfHBTFtozveMq1RkysD535+19JE7zTFFpKaxj7iwsLgDPYfaIdmB7+Gbr7gPp3+PCzY+fWTVJI6tEcpIEvpX0+sgwJZXZQAryBZnvGM5OOb7IHCSvLwS+SToDtEvXe8G5zrS1Ts+byRSo312qDaVQzHDyBIFTDrKI44+OrYwqj/P/ZOWy9yb4v2/xOoC2xb2GdyDx31ViRWNM0Eno5 carlos@potomac\n\n",
            "storage": "",
            "storage_type": "",
            "tags": "",
            "target_node": "mulita",
            "unused_disk": [],
            "vcpus": 0,
            "vga": [],
            "vlan": -1,
            "vmid": 8001
          },
          "sensitive_attributes": [],
          "private": "bnVsbA=="
        },
        {
          "index_key": "g2",
          "schema_version": 0,
          "attributes": {
            "additional_wait": 15,
            "agent": 1,
            "args": "",
            "balloon": 0,
            "bios": "seabios",
            "boot": "cdn",
            "bootdisk": "scsi0",
            "bridge": "",
            "ci_wait": null,
            "cicustom": "",
            "cipassword": "",
            "ciuser": "",
            "clone": "tpl-ub2004-tiny-mulita",
            "clone_wait": 15,
            "cloudinit_cdrom_storage": null,
            "cores": 1,
            "cpu": "host",
            "default_ipv4_address": "192.168.89.145",
            "define_connection_info": true,
            "desc": "",
            "disk": [
              {
                "backup": 0,
                "cache": "none",
                "discard": "",
                "file": "vm-8002-disk-0",
                "format": "raw",
                "iothread": 0,
                "mbps": 0,
                "mbps_rd": 0,
                "mbps_rd_max": 0,
                "mbps_wr": 0,
                "mbps_wr_max": 0,
                "media": "",
                "replicate": 0,
                "size": "6348M",
                "slot": 0,
                "ssd": 0,
                "storage": "local-lvm",
                "storage_type": "lvmthin",
                "type": "scsi",
                "volume": "local-lvm:vm-8002-disk-0"
              }
            ],
            "disk_gb": 0,
            "force_create": false,
            "force_recreate_on_change_of": null,
            "full_clone": true,
            "guest_agent_ready_timeout": 600,
            "hastate": "",
            "hotplug": "network,disk,usb",
            "id": "mulita/qemu/8002",
            "ipconfig0": "ip=192.168.89.145/23,gw=192.168.88.1",
            "ipconfig1": "",
            "ipconfig2": "",
            "iso": null,
            "kvm": true,
            "mac": "",
            "memory": 2048,
            "name": "lab35-g2",
            "nameserver": "",
            "network": [
              {
                "bridge": "vmbr0",
                "firewall": false,
                "link_down": false,
                "macaddr": "32:3E:EC:BB:D2:38",
                "model": "virtio",
                "queues": 0,
                "rate": 0,
                "tag": -1
              }
            ],
            "nic": "",
            "numa": false,
            "onboot": true,
            "os_network_config": null,
            "os_type": "cloud-init",
            "pool": "",
            "preprovision": true,
            "qemu_os": "other",
            "reboot_required": false,
            "scsihw": "virtio-scsi-pci",
            "searchdomain": "",
            "serial": [],
            "sockets": 1,
            "ssh_forward_ip": null,
            "ssh_host": "192.168.89.145",
            "ssh_port": "22",
            "ssh_private_key": null,
            "ssh_user": null,
            "sshkeys": "        ssh-rsa AAAAB3NzaC1yc2EAAAADAQABAAABAQC9dQNOFa6vqxmb/QEqxZamEeeaccda9TkXYhl2DnydCDZBwQUMnuKPsCanxqr8Etxo3NELP6MZVL43Y5trWfg3lzFvldeu/BQYYg2oP4ZtNZkhB9e2or/pGjUzLeS+H/rhmfmfHBTFtozveMq1RkysD535+19JE7zTFFpKaxj7iwsLgDPYfaIdmB7+Gbr7gPp3+PCzY+fWTVJI6tEcpIEvpX0+sgwJZXZQAryBZnvGM5OOb7IHCSvLwS+SToDtEvXe8G5zrS1Ts+byRSo312qDaVQzHDyBIFTDrKI44+OrYwqj/P/ZOWy9yb4v2/xOoC2xb2GdyDx31ViRWNM0Eno5 carlos@potomac\n\n",
            "storage": "",
            "storage_type": "",
            "tags": "",
            "target_node": "mulita",
            "unused_disk": [],
            "vcpus": 0,
            "vga": [],
            "vlan": -1,
            "vmid": 8002
          },
          "sensitive_attributes": [],
          "private": "bnVsbA=="
        },
        {
          "index_key": "g3",
          "schema_version": 0,
          "attributes": {
            "additional_wait": 15,
            "agent": 1,
            "args": "",
            "balloon": 0,
            "bios": "seabios",
            "boot": "cdn",
            "bootdisk": "scsi0",
            "bridge": "",
            "ci_wait": null,
            "cicustom": "",
            "cipassword": "",
            "ciuser": "",
            "clone": "tpl-ub2004-tiny-mulita",
            "clone_wait": 15,
            "cloudinit_cdrom_storage": null,
            "cores": 1,
            "cpu": "host",
            "default_ipv4_address": "192.168.89.146",
            "define_connection_info": true,
            "desc": "",
            "disk": [
              {
                "backup": 0,
                "cache": "none",
                "discard": "",
                "file": "vm-8003-disk-0",
                "format": "raw",
                "iothread": 0,
                "mbps": 0,
                "mbps_rd": 0,
                "mbps_rd_max": 0,
                "mbps_wr": 0,
                "mbps_wr_max": 0,
                "media": "",
                "replicate": 0,
                "size": "6348M",
                "slot": 0,
                "ssd": 0,
                "storage": "local-lvm",
                "storage_type": "lvmthin",
                "type": "scsi",
                "volume": "local-lvm:vm-8003-disk-0"
              }
            ],
            "disk_gb": 0,
            "force_create": false,
            "force_recreate_on_change_of": null,
            "full_clone": true,
            "guest_agent_ready_timeout": 600,
            "hastate": "",
            "hotplug": "network,disk,usb",
            "id": "mulita/qemu/8003",
            "ipconfig0": "ip=192.168.89.146/23,gw=192.168.88.1",
            "ipconfig1": "",
            "ipconfig2": "",
            "iso": null,
            "kvm": true,
            "mac": "",
            "memory": 2048,
            "name": "lab35-g3",
            "nameserver": "",
            "network": [
              {
                "bridge": "vmbr0",
                "firewall": false,
                "link_down": false,
                "macaddr": "42:5C:84:40:F3:39",
                "model": "virtio",
                "queues": 0,
                "rate": 0,
                "tag": -1
              }
            ],
            "nic": "",
            "numa": false,
            "onboot": true,
            "os_network_config": null,
            "os_type": "cloud-init",
            "pool": "",
            "preprovision": true,
            "qemu_os": "other",
            "reboot_required": false,
            "scsihw": "virtio-scsi-pci",
            "searchdomain": "",
            "serial": [],
            "sockets": 1,
            "ssh_forward_ip": null,
            "ssh_host": "192.168.89.146",
            "ssh_port": "22",
            "ssh_private_key": null,
            "ssh_user": null,
            "sshkeys": "        ssh-rsa AAAAB3NzaC1yc2EAAAADAQABAAABAQC9dQNOFa6vqxmb/QEqxZamEeeaccda9TkXYhl2DnydCDZBwQUMnuKPsCanxqr8Etxo3NELP6MZVL43Y5trWfg3lzFvldeu/BQYYg2oP4ZtNZkhB9e2or/pGjUzLeS+H/rhmfmfHBTFtozveMq1RkysD535+19JE7zTFFpKaxj7iwsLgDPYfaIdmB7+Gbr7gPp3+PCzY+fWTVJI6tEcpIEvpX0+sgwJZXZQAryBZnvGM5OOb7IHCSvLwS+SToDtEvXe8G5zrS1Ts+byRSo312qDaVQzHDyBIFTDrKI44+OrYwqj/P/ZOWy9yb4v2/xOoC2xb2GdyDx31ViRWNM0Eno5 carlos@potomac\n\n",
            "storage": "",
            "storage_type": "",
            "tags": "",
            "target_node": "mulita",
            "unused_disk": [],
            "vcpus": 0,
            "vga": [],
            "vlan": -1,
            "vmid": 8003
          },
          "sensitive_attributes": [],
          "private": "bnVsbA=="
        }
      ]
    },
    {
      "module": "module.prov_software",
      "mode": "managed",
      "type": "null_resource",
      "name": "prov_env",
      "provider": "provider[\"registry.terraform.io/hashicorp/null\"]",
      "instances": [
        {
          "index_key": "lab35-g1",
          "schema_version": 0,
          "attributes": {
            "id": "3697384292651377500",
            "triggers": {
              "setup_sh_changed": "b4b28488f407603d09dc545fd3c164fd15262e60"
            }
          },
          "sensitive_attributes": [],
          "private": "bnVsbA==",
          "dependencies": [
            "module.prov_hardware.proxmox_vm_qemu.lab35"
          ]
        },
        {
          "index_key": "lab35-g2",
          "schema_version": 0,
          "attributes": {
            "id": "3883042977866356434",
            "triggers": {
              "setup_sh_changed": "b4b28488f407603d09dc545fd3c164fd15262e60"
            }
          },
          "sensitive_attributes": [],
          "private": "bnVsbA==",
          "dependencies": [
            "module.prov_hardware.proxmox_vm_qemu.lab35"
          ]
        },
        {
          "index_key": "lab35-g3",
          "schema_version": 0,
          "attributes": {
            "id": "6829350758991245264",
            "triggers": {
              "setup_sh_changed": "b4b28488f407603d09dc545fd3c164fd15262e60"
            }
          },
          "sensitive_attributes": [],
          "private": "bnVsbA==",
          "dependencies": [
            "module.prov_hardware.proxmox_vm_qemu.lab35"
          ]
        }
      ]
    }
  ]
}
