{
  "version": 4,
  "terraform_version": "0.15.3",
  "serial": 18,
  "lineage": "f97e3b57-19cf-b042-5bb5-c0ab4f44d61a",
  "outputs": {},
  "resources": [
    {
      "module": "module.prov_hardware",
      "mode": "managed",
      "type": "linode_instance",
      "name": "lab35",
      "provider": "module.prov_hardware.provider[\"registry.terraform.io/linode/linode\"]",
      "instances": [
        {
          "index_key": "g1",
          "schema_version": 0,
          "attributes": {
            "alerts": [
              {
                "cpu": 180,
                "io": 10000,
                "network_in": 10,
                "network_out": 10,
                "transfer_quota": 80
              }
            ],
            "authorized_keys": [
              "ssh-rsa AAAAB3NzaC1yc2EAAAADAQABAAABAQC9dQNOFa6vqxmb/QEqxZamEeeaccda9TkXYhl2DnydCDZBwQUMnuKPsCanxqr8Etxo3NELP6MZVL43Y5trWfg3lzFvldeu/BQYYg2oP4ZtNZkhB9e2or/pGjUzLeS+H/rhmfmfHBTFtozveMq1RkysD535+19JE7zTFFpKaxj7iwsLgDPYfaIdmB7+Gbr7gPp3+PCzY+fWTVJI6tEcpIEvpX0+sgwJZXZQAryBZnvGM5OOb7IHCSvLwS+SToDtEvXe8G5zrS1Ts+byRSo312qDaVQzHDyBIFTDrKI44+OrYwqj/P/ZOWy9yb4v2/xOoC2xb2GdyDx31ViRWNM0Eno5 carlos@potomac"
            ],
            "authorized_users": null,
            "backup_id": null,
            "backups": [
              {
                "enabled": false,
                "schedule": [
                  {
                    "day": "",
                    "window": ""
                  }
                ]
              }
            ],
            "backups_enabled": null,
            "boot_config_label": "My Ubuntu 20.04 LTS Disk Profile",
            "config": [
              {
                "comments": "",
                "devices": [
                  {
                    "sda": [
                      {
                        "disk_id": 54152940,
                        "disk_label": "Ubuntu 20.04 LTS Disk",
                        "volume_id": 0
                      }
                    ],
                    "sdb": [
                      {
                        "disk_id": 54152941,
                        "disk_label": "512 MB Swap Image",
                        "volume_id": 0
                      }
                    ],
                    "sdc": [],
                    "sdd": [],
                    "sde": [],
                    "sdf": [],
                    "sdg": [],
                    "sdh": []
                  }
                ],
                "helpers": [
                  {
                    "devtmpfs_automount": true,
                    "distro": true,
                    "modules_dep": true,
                    "network": true,
                    "updatedb_disabled": true
                  }
                ],
                "kernel": "linode/grub2",
                "label": "My Ubuntu 20.04 LTS Disk Profile",
                "memory_limit": 0,
                "root_device": "/dev/sda",
                "run_level": "default",
                "virt_mode": "paravirt"
              }
            ],
            "disk": [
              {
                "authorized_keys": [],
                "authorized_users": [],
                "filesystem": "ext4",
                "id": 54152940,
                "image": "",
                "label": "Ubuntu 20.04 LTS Disk",
                "read_only": false,
                "root_pass": "",
                "size": 81408,
                "stackscript_data": {},
                "stackscript_id": 0
              },
              {
                "authorized_keys": [],
                "authorized_users": [],
                "filesystem": "swap",
                "id": 54152941,
                "image": "",
                "label": "512 MB Swap Image",
                "read_only": false,
                "root_pass": "",
                "size": 512,
                "stackscript_data": {},
                "stackscript_id": 0
              }
            ],
            "group": "",
            "id": "26773221",
            "image": "linode/ubuntu20.04",
            "ip_address": "45.79.50.95",
            "ipv4": [
              "45.79.50.95"
            ],
            "ipv6": "2600:3c00::f03c:92ff:fe1e:b48e/128",
            "label": "tutorial.dns.lacnic35.g1",
            "private_ip": false,
            "private_ip_address": null,
            "region": "us-central",
            "root_pass": "/XiGJ7DbKjMI/2svg0p2M6UiQ/AJvE2em9QMpLeiKx2dDDlGvKxwKMNtbVifMqNjoUCcSjAly2CADr5XM3IF4Q==",
            "specs": [
              {
                "disk": 81920,
                "memory": 4096,
                "transfer": 4000,
                "vcpus": 2
              }
            ],
            "stackscript_data": null,
            "stackscript_id": null,
            "status": "running",
            "swap_size": 512,
            "tags": null,
            "timeouts": null,
            "type": "g6-standard-2",
            "watchdog_enabled": true
          },
          "sensitive_attributes": [],
          "private": "eyJlMmJmYjczMC1lY2FhLTExZTYtOGY4OC0zNDM2M2JjN2M0YzAiOnsiY3JlYXRlIjo2MDAwMDAwMDAwMDAsImRlbGV0ZSI6NjAwMDAwMDAwMDAwLCJ1cGRhdGUiOjEyMDAwMDAwMDAwMDB9fQ=="
        },
        {
          "index_key": "g2",
          "schema_version": 0,
          "attributes": {
            "alerts": [
              {
                "cpu": 180,
                "io": 10000,
                "network_in": 10,
                "network_out": 10,
                "transfer_quota": 80
              }
            ],
            "authorized_keys": [
              "ssh-rsa AAAAB3NzaC1yc2EAAAADAQABAAABAQC9dQNOFa6vqxmb/QEqxZamEeeaccda9TkXYhl2DnydCDZBwQUMnuKPsCanxqr8Etxo3NELP6MZVL43Y5trWfg3lzFvldeu/BQYYg2oP4ZtNZkhB9e2or/pGjUzLeS+H/rhmfmfHBTFtozveMq1RkysD535+19JE7zTFFpKaxj7iwsLgDPYfaIdmB7+Gbr7gPp3+PCzY+fWTVJI6tEcpIEvpX0+sgwJZXZQAryBZnvGM5OOb7IHCSvLwS+SToDtEvXe8G5zrS1Ts+byRSo312qDaVQzHDyBIFTDrKI44+OrYwqj/P/ZOWy9yb4v2/xOoC2xb2GdyDx31ViRWNM0Eno5 carlos@potomac"
            ],
            "authorized_users": null,
            "backup_id": null,
            "backups": [
              {
                "enabled": false,
                "schedule": [
                  {
                    "day": "",
                    "window": ""
                  }
                ]
              }
            ],
            "backups_enabled": null,
            "boot_config_label": "My Ubuntu 20.04 LTS Disk Profile",
            "config": [
              {
                "comments": "",
                "devices": [
                  {
                    "sda": [
                      {
                        "disk_id": 54152942,
                        "disk_label": "Ubuntu 20.04 LTS Disk",
                        "volume_id": 0
                      }
                    ],
                    "sdb": [
                      {
                        "disk_id": 54152943,
                        "disk_label": "512 MB Swap Image",
                        "volume_id": 0
                      }
                    ],
                    "sdc": [],
                    "sdd": [],
                    "sde": [],
                    "sdf": [],
                    "sdg": [],
                    "sdh": []
                  }
                ],
                "helpers": [
                  {
                    "devtmpfs_automount": true,
                    "distro": true,
                    "modules_dep": true,
                    "network": true,
                    "updatedb_disabled": true
                  }
                ],
                "kernel": "linode/grub2",
                "label": "My Ubuntu 20.04 LTS Disk Profile",
                "memory_limit": 0,
                "root_device": "/dev/sda",
                "run_level": "default",
                "virt_mode": "paravirt"
              }
            ],
            "disk": [
              {
                "authorized_keys": [],
                "authorized_users": [],
                "filesystem": "ext4",
                "id": 54152942,
                "image": "",
                "label": "Ubuntu 20.04 LTS Disk",
                "read_only": false,
                "root_pass": "",
                "size": 81408,
                "stackscript_data": {},
                "stackscript_id": 0
              },
              {
                "authorized_keys": [],
                "authorized_users": [],
                "filesystem": "swap",
                "id": 54152943,
                "image": "",
                "label": "512 MB Swap Image",
                "read_only": false,
                "root_pass": "",
                "size": 512,
                "stackscript_data": {},
                "stackscript_id": 0
              }
            ],
            "group": "",
            "id": "26773222",
            "image": "linode/ubuntu20.04",
            "ip_address": "45.56.121.27",
            "ipv4": [
              "45.56.121.27"
            ],
            "ipv6": "2600:3c00::f03c:92ff:fe1e:b44b/128",
            "label": "tutorial.dns.lacnic35.g2",
            "private_ip": false,
            "private_ip_address": null,
            "region": "us-central",
            "root_pass": "/XiGJ7DbKjMI/2svg0p2M6UiQ/AJvE2em9QMpLeiKx2dDDlGvKxwKMNtbVifMqNjoUCcSjAly2CADr5XM3IF4Q==",
            "specs": [
              {
                "disk": 81920,
                "memory": 4096,
                "transfer": 4000,
                "vcpus": 2
              }
            ],
            "stackscript_data": null,
            "stackscript_id": null,
            "status": "running",
            "swap_size": 512,
            "tags": null,
            "timeouts": null,
            "type": "g6-standard-2",
            "watchdog_enabled": true
          },
          "sensitive_attributes": [],
          "private": "eyJlMmJmYjczMC1lY2FhLTExZTYtOGY4OC0zNDM2M2JjN2M0YzAiOnsiY3JlYXRlIjo2MDAwMDAwMDAwMDAsImRlbGV0ZSI6NjAwMDAwMDAwMDAwLCJ1cGRhdGUiOjEyMDAwMDAwMDAwMDB9fQ=="
        }
      ]
    },
    {
      "module": "module.prov_software",
      "mode": "managed",
      "type": "null_resource",
      "name": "prov_env",
      "provider": "provider[\"registry.terraform.io/hashicorp/null\"]",
      "instances": [
        {
          "index_key": "tutorial.dns.lacnic35.g1",
          "schema_version": 0,
          "attributes": {
            "id": "1380379251847493166",
            "triggers": {
              "setup_sh_changed": "867293ca1a1462fdb8fa7c7613b408546e891ee9"
            }
          },
          "sensitive_attributes": [],
          "private": "bnVsbA==",
          "dependencies": [
            "module.prov_hardware.linode_instance.lab35"
          ]
        },
        {
          "index_key": "tutorial.dns.lacnic35.g2",
          "schema_version": 0,
          "attributes": {
            "id": "4873294913522868720",
            "triggers": {
              "setup_sh_changed": "867293ca1a1462fdb8fa7c7613b408546e891ee9"
            }
          },
          "sensitive_attributes": [],
          "private": "bnVsbA==",
          "dependencies": [
            "module.prov_hardware.linode_instance.lab35"
          ]
        }
      ]
    }
  ]
}
